
Microsoft Visual Studio Solution File, Format Version 12.00
# Visual Studio Version 16
VisualStudioVersion = 16.0.31129.286
MinimumVisualStudioVersion = 10.0.40219.1
Project("{FAE04EC0-301F-11D3-BF4B-00C04F79EFBC}") = "QLKTX", "QLKTX\QLKTX.csproj", "{689E65AC-2DA8-4F7E-9087-A4523B703BB2}"
EndProject
Global
	GlobalSection(SolutionConfigurationPlatforms) = preSolution
		Debug|Any CPU = Debug|Any CPU
		Release|Any CPU = Release|Any CPU
	EndGlobalSection
	GlobalSection(ProjectConfigurationPlatforms) = postSolution
		{689E65AC-2DA8-4F7E-9087-A4523B703BB2}.Debug|Any CPU.ActiveCfg = Debug|Any CPU
		{689E65AC-2DA8-4F7E-9087-A4523B703BB2}.Debug|Any CPU.Build.0 = Debug|Any CPU
		{689E65AC-2DA8-4F7E-9087-A4523B703BB2}.Release|Any CPU.ActiveCfg = Release|Any CPU
		{689E65AC-2DA8-4F7E-9087-A4523B703BB2}.Release|Any CPU.Build.0 = Release|Any CPU
	EndGlobalSection
	GlobalSection(SolutionProperties) = preSolution
		HideSolutionNode = FALSE
	EndGlobalSection
	GlobalSection(ExtensibilityGlobals) = postSolution
		SolutionGuid = {2D4D835D-E374-48D3-85A3-E9DFD629E754}
	EndGlobalSection
EndGlobal
